
Microsoft Visual Studio Solution File, Format Version 12.00
# Visual Studio Version 17
VisualStudioVersion = 17.4.33213.308
MinimumVisualStudioVersion = 10.0.40219.1
Project("{FAE04EC0-301F-11D3-BF4B-00C04F79EFBC}") = "Recordmatching", "Recordmatching\Recordmatching.csproj", "{8E48255C-EE72-4BA8-8EE4-D06C915F9AF9}"
EndProject
Global
	GlobalSection(SolutionConfigurationPlatforms) = preSolution
		Debug|Any CPU = Debug|Any CPU
		Release|Any CPU = Release|Any CPU
	EndGlobalSection
	GlobalSection(ProjectConfigurationPlatforms) = postSolution
		{8E48255C-EE72-4BA8-8EE4-D06C915F9AF9}.Debug|Any CPU.ActiveCfg = Debug|Any CPU
		{8E48255C-EE72-4BA8-8EE4-D06C915F9AF9}.Debug|Any CPU.Build.0 = Debug|Any CPU
		{8E48255C-EE72-4BA8-8EE4-D06C915F9AF9}.Release|Any CPU.ActiveCfg = Release|Any CPU
		{8E48255C-EE72-4BA8-8EE4-D06C915F9AF9}.Release|Any CPU.Build.0 = Release|Any CPU
	EndGlobalSection
	GlobalSection(SolutionProperties) = preSolution
		HideSolutionNode = FALSE
	EndGlobalSection
	GlobalSection(ExtensibilityGlobals) = postSolution
		SolutionGuid = {86C1DF17-1DC2-4659-ABAC-79EAD1AB274C}
	EndGlobalSection
EndGlobal
