
Microsoft Visual Studio Solution File, Format Version 12.00
# Visual Studio Version 17
VisualStudioVersion = 17.4.33213.308
MinimumVisualStudioVersion = 10.0.40219.1
Project("{FAE04EC0-301F-11D3-BF4B-00C04F79EFBC}") = "SftpWinSCP", "SftpWinSCP\SftpWinSCP.csproj", "{BD6A66B8-FD1A-40DC-A42F-9A0F9E836238}"
EndProject
Global
	GlobalSection(SolutionConfigurationPlatforms) = preSolution
		Debug|Any CPU = Debug|Any CPU
		Release|Any CPU = Release|Any CPU
	EndGlobalSection
	GlobalSection(ProjectConfigurationPlatforms) = postSolution
		{BD6A66B8-FD1A-40DC-A42F-9A0F9E836238}.Debug|Any CPU.ActiveCfg = Debug|Any CPU
		{BD6A66B8-FD1A-40DC-A42F-9A0F9E836238}.Debug|Any CPU.Build.0 = Debug|Any CPU
		{BD6A66B8-FD1A-40DC-A42F-9A0F9E836238}.Release|Any CPU.ActiveCfg = Release|Any CPU
		{BD6A66B8-FD1A-40DC-A42F-9A0F9E836238}.Release|Any CPU.Build.0 = Release|Any CPU
	EndGlobalSection
	GlobalSection(SolutionProperties) = preSolution
		HideSolutionNode = FALSE
	EndGlobalSection
	GlobalSection(ExtensibilityGlobals) = postSolution
		SolutionGuid = {022A599D-DD40-45DD-B900-0B84FE20BAF6}
	EndGlobalSection
EndGlobal
